
Microsoft Visual Studio Solution File, Format Version 12.00
# Visual Studio Version 16
VisualStudioVersion = 16.0.31402.337
MinimumVisualStudioVersion = 10.0.40219.1
Project("{FAE04EC0-301F-11D3-BF4B-00C04F79EFBC}") = "01_Cafe", "01_Cafe\01_Cafe.csproj", "{4B7CB523-5B53-4AAA-B9D7-2DD705C28772}"
EndProject
Project("{2150E333-8FDC-42A3-9474-1A3956D46DE8}") = "01_KCafe", "01_KCafe", "{B45EEAD4-A2E8-46DE-92CD-5F2FEB79661E}"
EndProject
Project("{FAE04EC0-301F-11D3-BF4B-00C04F79EFBC}") = "01_CafeTest", "01_CafeTest\01_CafeTest.csproj", "{9C4483FB-CCA4-4669-A73D-D2FF183F707E}"
EndProject
Project("{FAE04EC0-301F-11D3-BF4B-00C04F79EFBC}") = "01_CafeUI", "01_CafeUI\01_CafeUI.csproj", "{78570620-CC3E-47DF-B6BB-585FAC4B3815}"
EndProject
Global
	GlobalSection(SolutionConfigurationPlatforms) = preSolution
		Debug|Any CPU = Debug|Any CPU
		Release|Any CPU = Release|Any CPU
	EndGlobalSection
	GlobalSection(ProjectConfigurationPlatforms) = postSolution
		{4B7CB523-5B53-4AAA-B9D7-2DD705C28772}.Debug|Any CPU.ActiveCfg = Debug|Any CPU
		{4B7CB523-5B53-4AAA-B9D7-2DD705C28772}.Debug|Any CPU.Build.0 = Debug|Any CPU
		{4B7CB523-5B53-4AAA-B9D7-2DD705C28772}.Release|Any CPU.ActiveCfg = Release|Any CPU
		{4B7CB523-5B53-4AAA-B9D7-2DD705C28772}.Release|Any CPU.Build.0 = Release|Any CPU
		{9C4483FB-CCA4-4669-A73D-D2FF183F707E}.Debug|Any CPU.ActiveCfg = Debug|Any CPU
		{9C4483FB-CCA4-4669-A73D-D2FF183F707E}.Debug|Any CPU.Build.0 = Debug|Any CPU
		{9C4483FB-CCA4-4669-A73D-D2FF183F707E}.Release|Any CPU.ActiveCfg = Release|Any CPU
		{9C4483FB-CCA4-4669-A73D-D2FF183F707E}.Release|Any CPU.Build.0 = Release|Any CPU
		{78570620-CC3E-47DF-B6BB-585FAC4B3815}.Debug|Any CPU.ActiveCfg = Debug|Any CPU
		{78570620-CC3E-47DF-B6BB-585FAC4B3815}.Debug|Any CPU.Build.0 = Debug|Any CPU
		{78570620-CC3E-47DF-B6BB-585FAC4B3815}.Release|Any CPU.ActiveCfg = Release|Any CPU
		{78570620-CC3E-47DF-B6BB-585FAC4B3815}.Release|Any CPU.Build.0 = Release|Any CPU
	EndGlobalSection
	GlobalSection(SolutionProperties) = preSolution
		HideSolutionNode = FALSE
	EndGlobalSection
	GlobalSection(NestedProjects) = preSolution
		{4B7CB523-5B53-4AAA-B9D7-2DD705C28772} = {B45EEAD4-A2E8-46DE-92CD-5F2FEB79661E}
		{9C4483FB-CCA4-4669-A73D-D2FF183F707E} = {B45EEAD4-A2E8-46DE-92CD-5F2FEB79661E}
		{78570620-CC3E-47DF-B6BB-585FAC4B3815} = {B45EEAD4-A2E8-46DE-92CD-5F2FEB79661E}
	EndGlobalSection
	GlobalSection(ExtensibilityGlobals) = postSolution
		SolutionGuid = {FD011771-D6EB-4EEF-A3A9-ABF720F0C741}
	EndGlobalSection
EndGlobal
